
Microsoft Visual Studio Solution File, Format Version 12.00
# Visual Studio 15
VisualStudioVersion = 15.0.28307.489
MinimumVisualStudioVersion = 10.0.40219.1
Project("{FAE04EC0-301F-11D3-BF4B-00C04F79EFBC}") = "BankExc", "BankExc\BankExc.csproj", "{3D87D760-FDE7-4F85-8810-160AA3CF788A}"
EndProject
Global
	GlobalSection(SolutionConfigurationPlatforms) = preSolution
		Debug|Any CPU = Debug|Any CPU
		Release|Any CPU = Release|Any CPU
	EndGlobalSection
	GlobalSection(ProjectConfigurationPlatforms) = postSolution
		{3D87D760-FDE7-4F85-8810-160AA3CF788A}.Debug|Any CPU.ActiveCfg = Debug|Any CPU
		{3D87D760-FDE7-4F85-8810-160AA3CF788A}.Debug|Any CPU.Build.0 = Debug|Any CPU
		{3D87D760-FDE7-4F85-8810-160AA3CF788A}.Release|Any CPU.ActiveCfg = Release|Any CPU
		{3D87D760-FDE7-4F85-8810-160AA3CF788A}.Release|Any CPU.Build.0 = Release|Any CPU
	EndGlobalSection
	GlobalSection(SolutionProperties) = preSolution
		HideSolutionNode = FALSE
	EndGlobalSection
	GlobalSection(ExtensibilityGlobals) = postSolution
		SolutionGuid = {A22B8889-33EC-4620-9315-869D4F001986}
	EndGlobalSection
EndGlobal
